<?xml version="1.0" encoding="utf-8"?>
<Project ToolsVersion="4.0" xmlns="http://schemas.microsoft.com/developer/msbuild/2003">
  <ItemGroup>
    <ClCompile Include="main.cpp" />
    <ClCompile Include="common\log.cpp">
      <Filter>common</Filter>
    </ClCompile>
    <ClCompile Include="1_array_find.cpp">
      <Filter>Sword2Offer</Filter>
    </ClCompile>
    <ClCompile Include="8_frog_jump.cpp">
      <Filter>Sword2Offer</Filter>
    </ClCompile>
    <ClCompile Include="2_replace_space.cpp">
      <Filter>Sword2Offer</Filter>
    </ClCompile>
    <ClCompile Include="19_circul_vector.cpp">
      <Filter>Sword2Offer</Filter>
    </ClCompile>
    <ClCompile Include="18_binary_tree_mirror.cpp">
      <Filter>Sword2Offer</Filter>
    </ClCompile>
    <ClCompile Include="22_print_from_top_2_bottom.cpp">
      <Filter>Sword2Offer</Filter>
    </ClCompile>
    <ClCompile Include="4_rebuild_binary_tree.cpp">
      <Filter>Sword2Offer</Filter>
    </ClCompile>
    <ClCompile Include="container\binary_tree.cpp">
      <Filter>container</Filter>
    </ClCompile>
  </ItemGroup>
  <ItemGroup>
    <Filter Include="common">
      <UniqueIdentifier>{61ff88e6-edfd-4cf6-902b-653e7d77e5b1}</UniqueIdentifier>
    </Filter>
    <Filter Include="Sword2Offer">
      <UniqueIdentifier>{a73d3483-ceb5-4baa-ab45-0b03636e2e7e}</UniqueIdentifier>
    </Filter>
    <Filter Include="container">
      <UniqueIdentifier>{1d4d4398-6506-4349-9fd2-00d3c6d20563}</UniqueIdentifier>
    </Filter>
  </ItemGroup>
  <ItemGroup>
    <ClInclude Include="common\log.h">
      <Filter>common</Filter>
    </ClInclude>
    <ClInclude Include="container\binary_tree.h">
      <Filter>container</Filter>
    </ClInclude>
  </ItemGroup>
</Project>