<?xml version="1.0" encoding="utf-8"?>
<Project ToolsVersion="4.0" xmlns="http://schemas.microsoft.com/developer/msbuild/2003">
  <ItemGroup>
    <ClCompile Include="main.cpp" />
    <ClCompile Include="common\log.cpp">
      <Filter>common</Filter>
    </ClCompile>
    <ClCompile Include="1_array_find.cpp">
      <Filter>Sword2Offer</Filter>
    </ClCompile>
    <ClCompile Include="8_frog_jump.cpp">
      <Filter>Sword2Offer</Filter>
    </ClCompile>
    <ClCompile Include="2_replace_space.cpp">
      <Filter>Sword2Offer</Filter>
    </ClCompile>
    <ClCompile Include="19_circul_vector.cpp">
      <Filter>Sword2Offer</Filter>
    </ClCompile>
    <ClCompile Include="18_binary_tree_mirror.cpp">
      <Filter>Sword2Offer</Filter>
    </ClCompile>
    <ClCompile Include="22_print_from_top_2_bottom.cpp">
      <Filter>Sword2Offer</Filter>
    </ClCompile>
    <ClCompile Include="4_rebuild_binary_tree.cpp">
      <Filter>Sword2Offer</Filter>
    </ClCompile>
    <ClCompile Include="container\binary_tree.cpp">
      <Filter>container</Filter>
    </ClCompile>
    <ClCompile Include="container\test_binary_tree.cpp">
      <Filter>container</Filter>
    </ClCompile>
    <ClCompile Include="24_binary_tree_path_sum.cpp">
      <Filter>Sword2Offer</Filter>
    </ClCompile>
    <ClCompile Include="38_depth_of_binary_tree.cpp">
      <Filter>Sword2Offer</Filter>
    </ClCompile>
    <ClCompile Include="container\avl_tree.cpp">
      <Filter>container</Filter>
    </ClCompile>
    <ClCompile Include="container\test_avl_tree.cpp">
      <Filter>container</Filter>
    </ClCompile>
    <ClCompile Include="algorithm\sort.cpp">
      <Filter>algorithm</Filter>
    </ClCompile>
    <ClCompile Include="algorithm\test_sort.cpp">
      <Filter>algorithm</Filter>
    </ClCompile>
    <ClCompile Include="algorithm\search.cpp">
      <Filter>algorithm</Filter>
    </ClCompile>
    <ClCompile Include="algorithm\test_search.cpp">
      <Filter>algorithm</Filter>
    </ClCompile>
    <ClCompile Include="23_is_binary_search_tree.cpp">
      <Filter>Sword2Offer</Filter>
    </ClCompile>
    <ClCompile Include="39_is_avl_tree.cpp">
      <Filter>Sword2Offer</Filter>
    </ClCompile>
    <ClCompile Include="5_min_number_in_rotation_array.cpp">
      <Filter>Sword2Offer</Filter>
    </ClCompile>
    <ClCompile Include="20_min_stack.cpp">
      <Filter>Sword2Offer</Filter>
    </ClCompile>
    <ClCompile Include="12_pow_integer.cpp">
      <Filter>Sword2Offer</Filter>
    </ClCompile>
    <ClCompile Include="10_rect_cover.cpp">
      <Filter>Sword2Offer</Filter>
    </ClCompile>
    <ClCompile Include="9_frog_jump_1.cpp">
      <Filter>Sword2Offer</Filter>
    </ClCompile>
    <ClCompile Include="21_is_pop_order.cpp">
      <Filter>Sword2Offer</Filter>
    </ClCompile>
    <ClCompile Include="25_list_clone.cpp">
      <Filter>Sword2Offer</Filter>
    </ClCompile>
  </ItemGroup>
  <ItemGroup>
    <Filter Include="common">
      <UniqueIdentifier>{61ff88e6-edfd-4cf6-902b-653e7d77e5b1}</UniqueIdentifier>
    </Filter>
    <Filter Include="Sword2Offer">
      <UniqueIdentifier>{a73d3483-ceb5-4baa-ab45-0b03636e2e7e}</UniqueIdentifier>
    </Filter>
    <Filter Include="container">
      <UniqueIdentifier>{1d4d4398-6506-4349-9fd2-00d3c6d20563}</UniqueIdentifier>
    </Filter>
    <Filter Include="algorithm">
      <UniqueIdentifier>{df9eff3b-1ffb-4cae-9a6c-dcaca25dbd69}</UniqueIdentifier>
    </Filter>
  </ItemGroup>
  <ItemGroup>
    <ClInclude Include="common\log.h">
      <Filter>common</Filter>
    </ClInclude>
    <ClInclude Include="container\binary_tree.h">
      <Filter>container</Filter>
    </ClInclude>
    <ClInclude Include="container\avl_tree.h">
      <Filter>container</Filter>
    </ClInclude>
    <ClInclude Include="algorithm\sort.h">
      <Filter>algorithm</Filter>
    </ClInclude>
    <ClInclude Include="algorithm\search.h">
      <Filter>algorithm</Filter>
    </ClInclude>
  </ItemGroup>
</Project>